
Microsoft Visual Studio Solution File, Format Version 12.00
# Visual Studio Version 17
VisualStudioVersion = 17.9.34723.18
MinimumVisualStudioVersion = 10.0.40219.1
Project("{9A19103F-16F7-4668-BE54-9A1E7A4F7556}") = "ConsoleApp1ObfuscateMethodName", "ConsoleApp1ObfuscateMethodName\ConsoleApp1ObfuscateMethodName.csproj", "{4FDCCF1D-5B19-4E93-BFE7-66427A3BA3E2}"
EndProject
Project("{9A19103F-16F7-4668-BE54-9A1E7A4F7556}") = "ClassLibrary1GenerateObfuscateCodeForAI", "ClassLibrary1GenerateObfuscateCodeForAI\ClassLibrary1GenerateObfuscateCodeForAI.csproj", "{72A47317-E610-4B89-8B55-E0BF924D563C}"
EndProject
Project("{2150E333-8FDC-42A3-9474-1A3956D46DE8}") = "Solution Items", "Solution Items", "{9ECF5A11-5589-466B-8BAA-458FF23F5B32}"
	ProjectSection(SolutionItems) = preProject
		README.md = README.md
	EndProjectSection
EndProject
Global
	GlobalSection(SolutionConfigurationPlatforms) = preSolution
		Debug|Any CPU = Debug|Any CPU
		Release|Any CPU = Release|Any CPU
	EndGlobalSection
	GlobalSection(ProjectConfigurationPlatforms) = postSolution
		{4FDCCF1D-5B19-4E93-BFE7-66427A3BA3E2}.Debug|Any CPU.ActiveCfg = Debug|Any CPU
		{4FDCCF1D-5B19-4E93-BFE7-66427A3BA3E2}.Debug|Any CPU.Build.0 = Debug|Any CPU
		{4FDCCF1D-5B19-4E93-BFE7-66427A3BA3E2}.Release|Any CPU.ActiveCfg = Release|Any CPU
		{4FDCCF1D-5B19-4E93-BFE7-66427A3BA3E2}.Release|Any CPU.Build.0 = Release|Any CPU
		{72A47317-E610-4B89-8B55-E0BF924D563C}.Debug|Any CPU.ActiveCfg = Debug|Any CPU
		{72A47317-E610-4B89-8B55-E0BF924D563C}.Debug|Any CPU.Build.0 = Debug|Any CPU
		{72A47317-E610-4B89-8B55-E0BF924D563C}.Release|Any CPU.ActiveCfg = Release|Any CPU
		{72A47317-E610-4B89-8B55-E0BF924D563C}.Release|Any CPU.Build.0 = Release|Any CPU
	EndGlobalSection
	GlobalSection(SolutionProperties) = preSolution
		HideSolutionNode = FALSE
	EndGlobalSection
	GlobalSection(ExtensibilityGlobals) = postSolution
		SolutionGuid = {530527AA-E8F5-4D72-923B-3677905D98D4}
	EndGlobalSection
EndGlobal
